
Microsoft Visual Studio Solution File, Format Version 12.00
# Visual Studio Version 17
VisualStudioVersion = 17.10.35013.160
MinimumVisualStudioVersion = 10.0.40219.1
Project("{FAE04EC0-301F-11D3-BF4B-00C04F79EFBC}") = "WebApi", "WebApi\WebApi.csproj", "{CDD370B3-254D-453D-880F-99312CCDB255}"
EndProject
Project("{FAE04EC0-301F-11D3-BF4B-00C04F79EFBC}") = "WebApi.Tests", "WebApi.Tests\WebApi.Tests.csproj", "{EE9153CB-9E97-4525-A634-6D69A114D906}"
EndProject
Global
	GlobalSection(SolutionConfigurationPlatforms) = preSolution
		Debug|Any CPU = Debug|Any CPU
		Release|Any CPU = Release|Any CPU
	EndGlobalSection
	GlobalSection(ProjectConfigurationPlatforms) = postSolution
		{CDD370B3-254D-453D-880F-99312CCDB255}.Debug|Any CPU.ActiveCfg = Debug|Any CPU
		{CDD370B3-254D-453D-880F-99312CCDB255}.Debug|Any CPU.Build.0 = Debug|Any CPU
		{CDD370B3-254D-453D-880F-99312CCDB255}.Release|Any CPU.ActiveCfg = Release|Any CPU
		{CDD370B3-254D-453D-880F-99312CCDB255}.Release|Any CPU.Build.0 = Release|Any CPU
		{EE9153CB-9E97-4525-A634-6D69A114D906}.Debug|Any CPU.ActiveCfg = Debug|Any CPU
		{EE9153CB-9E97-4525-A634-6D69A114D906}.Debug|Any CPU.Build.0 = Debug|Any CPU
		{EE9153CB-9E97-4525-A634-6D69A114D906}.Release|Any CPU.ActiveCfg = Release|Any CPU
		{EE9153CB-9E97-4525-A634-6D69A114D906}.Release|Any CPU.Build.0 = Release|Any CPU
	EndGlobalSection
	GlobalSection(SolutionProperties) = preSolution
		HideSolutionNode = FALSE
	EndGlobalSection
	GlobalSection(ExtensibilityGlobals) = postSolution
		SolutionGuid = {EFBECB43-ECBE-4A5E-842C-85372315225C}
	EndGlobalSection
EndGlobal
